
Microsoft Visual Studio Solution File, Format Version 12.00
# Visual Studio Version 16
VisualStudioVersion = 16.0.30907.101
MinimumVisualStudioVersion = 10.0.40219.1
Project("{FAE04EC0-301F-11D3-BF4B-00C04F79EFBC}") = "HoneyDo", "HoneyDo.csproj", "{2B007D22-2E92-41EF-809A-3CA554FCF8AD}"
EndProject
Global
	GlobalSection(SolutionConfigurationPlatforms) = preSolution
		Debug|Any CPU = Debug|Any CPU
		Release|Any CPU = Release|Any CPU
	EndGlobalSection
	GlobalSection(ProjectConfigurationPlatforms) = postSolution
		{2B007D22-2E92-41EF-809A-3CA554FCF8AD}.Debug|Any CPU.ActiveCfg = Debug|Any CPU
		{2B007D22-2E92-41EF-809A-3CA554FCF8AD}.Debug|Any CPU.Build.0 = Debug|Any CPU
		{2B007D22-2E92-41EF-809A-3CA554FCF8AD}.Release|Any CPU.ActiveCfg = Release|Any CPU
		{2B007D22-2E92-41EF-809A-3CA554FCF8AD}.Release|Any CPU.Build.0 = Release|Any CPU
	EndGlobalSection
	GlobalSection(SolutionProperties) = preSolution
		HideSolutionNode = FALSE
	EndGlobalSection
	GlobalSection(ExtensibilityGlobals) = postSolution
		SolutionGuid = {F69310F7-5FB4-4658-BED2-4149F984B220}
	EndGlobalSection
EndGlobal
